// !$*UTF8*$!
{
	archiveVersion = 1;
	classes = {
	};
	objectVersion = 46;
	objects = {

/* Begin PBXBuildFile section */
		404035DD1A781A8700D75BB3 /* main.m in Sources */ = {isa = PBXBuildFile; fileRef = 404035DC1A781A8700D75BB3 /* main.m */; };
		404035E01A781A8700D75BB3 /* AppDelegate.m in Sources */ = {isa = PBXBuildFile; fileRef = 404035DF1A781A8700D75BB3 /* AppDelegate.m */; };
		404035E31A781A8700D75BB3 /* FirstViewController.m in Sources */ = {isa = PBXBuildFile; fileRef = 404035E21A781A8700D75BB3 /* FirstViewController.m */; };
		404035E61A781A8700D75BB3 /* SecondViewController.m in Sources */ = {isa = PBXBuildFile; fileRef = 404035E51A781A8700D75BB3 /* SecondViewController.m */; };
		404035E91A781A8700D75BB3 /* Main.storyboard in Resources */ = {isa = PBXBuildFile; fileRef = 404035E71A781A8700D75BB3 /* Main.storyboard */; };
		404035EB1A781A8700D75BB3 /* Images.xcassets in Resources */ = {isa = PBXBuildFile; fileRef = 404035EA1A781A8700D75BB3 /* Images.xcassets */; };
		404035EE1A781A8700D75BB3 /* LaunchScreen.xib in Resources */ = {isa = PBXBuildFile; fileRef = 404035EC1A781A8700D75BB3 /* LaunchScreen.xib */; };
		404035FA1A781A8800D75BB3 /* One_ClickTests.m in Sources */ = {isa = PBXBuildFile; fileRef = 404035F91A781A8800D75BB3 /* One_ClickTests.m */; };
		404036061A781B7700D75BB3 /* NoStoryboardViewController.m in Sources */ = {isa = PBXBuildFile; fileRef = 404036051A781B7700D75BB3 /* NoStoryboardViewController.m */; };
		40F64CAD1A784E71002F9438 /* NavigationController.m in Sources */ = {isa = PBXBuildFile; fileRef = 40F64CAC1A784E71002F9438 /* NavigationController.m */; };
		40F64CB01A7ABDE1002F9438 /* MyViewController.m in Sources */ = {isa = PBXBuildFile; fileRef = 40F64CAF1A7ABDE1002F9438 /* MyViewController.m */; };
/* End PBXBuildFile section */

/* Begin PBXContainerItemProxy section */
		404035F41A781A8800D75BB3 /* PBXContainerItemProxy */ = {
			isa = PBXContainerItemProxy;
			containerPortal = 404035CF1A781A8700D75BB3 /* Project object */;
			proxyType = 1;
			remoteGlobalIDString = 404035D61A781A8700D75BB3;
			remoteInfo = "One Click";
		};
/* End PBXContainerItemProxy section */

/* Begin PBXFileReference section */
		404035D71A781A8700D75BB3 /* One Click.app */ = {isa = PBXFileReference; explicitFileType = wrapper.application; includeInIndex = 0; path = "One Click.app"; sourceTree = BUILT_PRODUCTS_DIR; };
		404035DB1A781A8700D75BB3 /* Info.plist */ = {isa = PBXFileReference; lastKnownFileType = text.plist.xml; path = Info.plist; sourceTree = "<group>"; };
		404035DC1A781A8700D75BB3 /* main.m */ = {isa = PBXFileReference; lastKnownFileType = sourcecode.c.objc; path = main.m; sourceTree = "<group>"; };
		404035DE1A781A8700D75BB3 /* AppDelegate.h */ = {isa = PBXFileReference; lastKnownFileType = sourcecode.c.h; path = AppDelegate.h; sourceTree = "<group>"; };
		404035DF1A781A8700D75BB3 /* AppDelegate.m */ = {isa = PBXFileReference; lastKnownFileType = sourcecode.c.objc; path = AppDelegate.m; sourceTree = "<group>"; };
		404035E11A781A8700D75BB3 /* FirstViewController.h */ = {isa = PBXFileReference; lastKnownFileType = sourcecode.c.h; path = FirstViewController.h; sourceTree = "<group>"; };
		404035E21A781A8700D75BB3 /* FirstViewController.m */ = {isa = PBXFileReference; lastKnownFileType = sourcecode.c.objc; path = FirstViewController.m; sourceTree = "<group>"; };
		404035E41A781A8700D75BB3 /* SecondViewController.h */ = {isa = PBXFileReference; lastKnownFileType = sourcecode.c.h; path = SecondViewController.h; sourceTree = "<group>"; };
		404035E51A781A8700D75BB3 /* SecondViewController.m */ = {isa = PBXFileReference; lastKnownFileType = sourcecode.c.objc; path = SecondViewController.m; sourceTree = "<group>"; };
		404035E81A781A8700D75BB3 /* Base */ = {isa = PBXFileReference; lastKnownFileType = file.storyboard; name = Base; path = Base.lproj/Main.storyboard; sourceTree = "<group>"; };
		404035EA1A781A8700D75BB3 /* Images.xcassets */ = {isa = PBXFileReference; lastKnownFileType = folder.assetcatalog; path = Images.xcassets; sourceTree = "<group>"; };
		404035ED1A781A8700D75BB3 /* Base */ = {isa = PBXFileReference; lastKnownFileType = file.xib; name = Base; path = Base.lproj/LaunchScreen.xib; sourceTree = "<group>"; };
		404035F31A781A8800D75BB3 /* One ClickTests.xctest */ = {isa = PBXFileReference; explicitFileType = wrapper.cfbundle; includeInIndex = 0; path = "One ClickTests.xctest"; sourceTree = BUILT_PRODUCTS_DIR; };
		404035F81A781A8800D75BB3 /* Info.plist */ = {isa = PBXFileReference; lastKnownFileType = text.plist.xml; path = Info.plist; sourceTree = "<group>"; };
		404035F91A781A8800D75BB3 /* One_ClickTests.m */ = {isa = PBXFileReference; lastKnownFileType = sourcecode.c.objc; path = One_ClickTests.m; sourceTree = "<group>"; };
		404036041A781B7700D75BB3 /* NoStoryboardViewController.h */ = {isa = PBXFileReference; fileEncoding = 4; lastKnownFileType = sourcecode.c.h; path = NoStoryboardViewController.h; sourceTree = "<group>"; };
		404036051A781B7700D75BB3 /* NoStoryboardViewController.m */ = {isa = PBXFileReference; fileEncoding = 4; lastKnownFileType = sourcecode.c.objc; path = NoStoryboardViewController.m; sourceTree = "<group>"; };
		40F64CAB1A784E71002F9438 /* NavigationController.h */ = {isa = PBXFileReference; fileEncoding = 4; lastKnownFileType = sourcecode.c.h; name = NavigationController.h; path = ../NavigationController.h; sourceTree = "<group>"; };
		40F64CAC1A784E71002F9438 /* NavigationController.m */ = {isa = PBXFileReference; fileEncoding = 4; lastKnownFileType = sourcecode.c.objc; name = NavigationController.m; path = ../NavigationController.m; sourceTree = "<group>"; };
		40F64CAE1A7ABDE1002F9438 /* MyViewController.h */ = {isa = PBXFileReference; fileEncoding = 4; lastKnownFileType = sourcecode.c.h; path = MyViewController.h; sourceTree = "<group>"; };
		40F64CAF1A7ABDE1002F9438 /* MyViewController.m */ = {isa = PBXFileReference; fileEncoding = 4; lastKnownFileType = sourcecode.c.objc; path = MyViewController.m; sourceTree = "<group>"; };
/* End PBXFileReference section */

/* Begin PBXFrameworksBuildPhase section */
		404035D41A781A8700D75BB3 /* Frameworks */ = {
			isa = PBXFrameworksBuildPhase;
			buildActionMask = 2147483647;
			files = (
			);
			runOnlyForDeploymentPostprocessing = 0;
		};
		404035F01A781A8800D75BB3 /* Frameworks */ = {
			isa = PBXFrameworksBuildPhase;
			buildActionMask = 2147483647;
			files = (
			);
			runOnlyForDeploymentPostprocessing = 0;
		};
/* End PBXFrameworksBuildPhase section */

/* Begin PBXGroup section */
		404035CE1A781A8700D75BB3 = {
			isa = PBXGroup;
			children = (
				404035D91A781A8700D75BB3 /* One Click */,
				404035F61A781A8800D75BB3 /* One ClickTests */,
				404035D81A781A8700D75BB3 /* Products */,
			);
			sourceTree = "<group>";
		};
		404035D81A781A8700D75BB3 /* Products */ = {
			isa = PBXGroup;
			children = (
				404035D71A781A8700D75BB3 /* One Click.app */,
				404035F31A781A8800D75BB3 /* One ClickTests.xctest */,
			);
			name = Products;
			sourceTree = "<group>";
		};
		404035D91A781A8700D75BB3 /* One Click */ = {
			isa = PBXGroup;
			children = (
				404035DE1A781A8700D75BB3 /* AppDelegate.h */,
				404035DF1A781A8700D75BB3 /* AppDelegate.m */,
				404035E11A781A8700D75BB3 /* FirstViewController.h */,
				404035E21A781A8700D75BB3 /* FirstViewController.m */,
				404035E41A781A8700D75BB3 /* SecondViewController.h */,
				404035E51A781A8700D75BB3 /* SecondViewController.m */,
				404035E71A781A8700D75BB3 /* Main.storyboard */,
				404035EA1A781A8700D75BB3 /* Images.xcassets */,
				404035EC1A781A8700D75BB3 /* LaunchScreen.xib */,
				404035DA1A781A8700D75BB3 /* Supporting Files */,
				404036041A781B7700D75BB3 /* NoStoryboardViewController.h */,
				404036051A781B7700D75BB3 /* NoStoryboardViewController.m */,
				40F64CAB1A784E71002F9438 /* NavigationController.h */,
				40F64CAC1A784E71002F9438 /* NavigationController.m */,
				40F64CAE1A7ABDE1002F9438 /* MyViewController.h */,
				40F64CAF1A7ABDE1002F9438 /* MyViewController.m */,
			);
			path = "One Click";
			sourceTree = "<group>";
		};
		404035DA1A781A8700D75BB3 /* Supporting Files */ = {
			isa = PBXGroup;
			children = (
				404035DB1A781A8700D75BB3 /* Info.plist */,
				404035DC1A781A8700D75BB3 /* main.m */,
			);
			name = "Supporting Files";
			sourceTree = "<group>";
		};
		404035F61A781A8800D75BB3 /* One ClickTests */ = {
			isa = PBXGroup;
			children = (
				404035F91A781A8800D75BB3 /* One_ClickTests.m */,
				404035F71A781A8800D75BB3 /* Supporting Files */,
			);
			path = "One ClickTests";
			sourceTree = "<group>";
		};
		404035F71A781A8800D75BB3 /* Supporting Files */ = {
			isa = PBXGroup;
			children = (
				404035F81A781A8800D75BB3 /* Info.plist */,
			);
			name = "Supporting Files";
			sourceTree = "<group>";
		};
/* End PBXGroup section */

/* Begin PBXNativeTarget section */
		404035D61A781A8700D75BB3 /* One Click */ = {
			isa = PBXNativeTarget;
			buildConfigurationList = 404035FD1A781A8800D75BB3 /* Build configuration list for PBXNativeTarget "One Click" */;
			buildPhases = (
				404035D31A781A8700D75BB3 /* Sources */,
				404035D41A781A8700D75BB3 /* Frameworks */,
				404035D51A781A8700D75BB3 /* Resources */,
			);
			buildRules = (
			);
			dependencies = (
			);
			name = "One Click";
			productName = "One Click";
			productReference = 404035D71A781A8700D75BB3 /* One Click.app */;
			productType = "com.apple.product-type.application";
		};
		404035F21A781A8800D75BB3 /* One ClickTests */ = {
			isa = PBXNativeTarget;
			buildConfigurationList = 404036001A781A8800D75BB3 /* Build configuration list for PBXNativeTarget "One ClickTests" */;
			buildPhases = (
				404035EF1A781A8800D75BB3 /* Sources */,
				404035F01A781A8800D75BB3 /* Frameworks */,
				404035F11A781A8800D75BB3 /* Resources */,
			);
			buildRules = (
			);
			dependencies = (
				404035F51A781A8800D75BB3 /* PBXTargetDependency */,
			);
			name = "One ClickTests";
			productName = "One ClickTests";
			productReference = 404035F31A781A8800D75BB3 /* One ClickTests.xctest */;
			productType = "com.apple.product-type.bundle.unit-test";
		};
/* End PBXNativeTarget section */

/* Begin PBXProject section */
		404035CF1A781A8700D75BB3 /* Project object */ = {
			isa = PBXProject;
			attributes = {
				LastUpgradeCheck = 0610;
				ORGANIZATIONNAME = davidwoldenberg;
				TargetAttributes = {
					404035D61A781A8700D75BB3 = {
						CreatedOnToolsVersion = 6.1.1;
					};
					404035F21A781A8800D75BB3 = {
						CreatedOnToolsVersion = 6.1.1;
						TestTargetID = 404035D61A781A8700D75BB3;
					};
				};
			};
			buildConfigurationList = 404035D21A781A8700D75BB3 /* Build configuration list for PBXProject "One Click" */;
			compatibilityVersion = "Xcode 3.2";
			developmentRegion = English;
			hasScannedForEncodings = 0;
			knownRegions = (
				en,
				Base,
			);
			mainGroup = 404035CE1A781A8700D75BB3;
			productRefGroup = 404035D81A781A8700D75BB3 /* Products */;
			projectDirPath = "";
			projectRoot = "";
			targets = (
				404035D61A781A8700D75BB3 /* One Click */,
				404035F21A781A8800D75BB3 /* One ClickTests */,
			);
		};
/* End PBXProject section */

/* Begin PBXResourcesBuildPhase section */
		404035D51A781A8700D75BB3 /* Resources */ = {
			isa = PBXResourcesBuildPhase;
			buildActionMask = 2147483647;
			files = (
				404035E91A781A8700D75BB3 /* Main.storyboard in Resources */,
				404035EE1A781A8700D75BB3 /* LaunchScreen.xib in Resources */,
				404035EB1A781A8700D75BB3 /* Images.xcassets in Resources */,
			);
			runOnlyForDeploymentPostprocessing = 0;
		};
		404035F11A781A8800D75BB3 /* Resources */ = {
			isa = PBXResourcesBuildPhase;
			buildActionMask = 2147483647;
			files = (
			);
			runOnlyForDeploymentPostprocessing = 0;
		};
/* End PBXResourcesBuildPhase section */

/* Begin PBXSourcesBuildPhase section */
		404035D31A781A8700D75BB3 /* Sources */ = {
			isa = PBXSourcesBuildPhase;
			buildActionMask = 2147483647;
			files = (
				404035E61A781A8700D75BB3 /* SecondViewController.m in Sources */,
				404035E01A781A8700D75BB3 /* AppDelegate.m in Sources */,
				404036061A781B7700D75BB3 /* NoStoryboardViewController.m in Sources */,
				40F64CAD1A784E71002F9438 /* NavigationController.m in Sources */,
				404035E31A781A8700D75BB3 /* FirstViewController.m in Sources */,
				404035DD1A781A8700D75BB3 /* main.m in Sources */,
				40F64CB01A7ABDE1002F9438 /* MyViewController.m in Sources */,
			);
			runOnlyForDeploymentPostprocessing = 0;
		};
		404035EF1A781A8800D75BB3 /* Sources */ = {
			isa = PBXSourcesBuildPhase;
			buildActionMask = 2147483647;
			files = (
				404035FA1A781A8800D75BB3 /* One_ClickTests.m in Sources */,
			);
			runOnlyForDeploymentPostprocessing = 0;
		};
/* End PBXSourcesBuildPhase section */

/* Begin PBXTargetDependency section */
		404035F51A781A8800D75BB3 /* PBXTargetDependency */ = {
			isa = PBXTargetDependency;
			target = 404035D61A781A8700D75BB3 /* One Click */;
			targetProxy = 404035F41A781A8800D75BB3 /* PBXContainerItemProxy */;
		};
/* End PBXTargetDependency section */

/* Begin PBXVariantGroup section */
		404035E71A781A8700D75BB3 /* Main.storyboard */ = {
			isa = PBXVariantGroup;
			children = (
				404035E81A781A8700D75BB3 /* Base */,
			);
			name = Main.storyboard;
			sourceTree = "<group>";
		};
		404035EC1A781A8700D75BB3 /* LaunchScreen.xib */ = {
			isa = PBXVariantGroup;
			children = (
				404035ED1A781A8700D75BB3 /* Base */,
			);
			name = LaunchScreen.xib;
			sourceTree = "<group>";
		};
/* End PBXVariantGroup section */

/* Begin XCBuildConfiguration section */
		404035FB1A781A8800D75BB3 /* Debug */ = {
			isa = XCBuildConfiguration;
			buildSettings = {
				ALWAYS_SEARCH_USER_PATHS = NO;
				CLANG_CXX_LANGUAGE_STANDARD = "gnu++0x";
				CLANG_CXX_LIBRARY = "libc++";
				CLANG_ENABLE_MODULES = YES;
				CLANG_ENABLE_OBJC_ARC = YES;
				CLANG_WARN_BOOL_CONVERSION = YES;
				CLANG_WARN_CONSTANT_CONVERSION = YES;
				CLANG_WARN_DIRECT_OBJC_ISA_USAGE = YES_ERROR;
				CLANG_WARN_EMPTY_BODY = YES;
				CLANG_WARN_ENUM_CONVERSION = YES;
				CLANG_WARN_INT_CONVERSION = YES;
				CLANG_WARN_OBJC_ROOT_CLASS = YES_ERROR;
				CLANG_WARN_UNREACHABLE_CODE = YES;
				CLANG_WARN__DUPLICATE_METHOD_MATCH = YES;
				"CODE_SIGN_IDENTITY[sdk=iphoneos*]" = "iPhone Developer";
				COPY_PHASE_STRIP = NO;
				ENABLE_STRICT_OBJC_MSGSEND = YES;
				GCC_C_LANGUAGE_STANDARD = gnu99;
				GCC_DYNAMIC_NO_PIC = NO;
				GCC_OPTIMIZATION_LEVEL = 0;
				GCC_PREPROCESSOR_DEFINITIONS = (
					"DEBUG=1",
					"$(inherited)",
				);
				GCC_SYMBOLS_PRIVATE_EXTERN = NO;
				GCC_WARN_64_TO_32_BIT_CONVERSION = YES;
				GCC_WARN_ABOUT_RETURN_TYPE = YES_ERROR;
				GCC_WARN_UNDECLARED_SELECTOR = YES;
				GCC_WARN_UNINITIALIZED_AUTOS = YES_AGGRESSIVE;
				GCC_WARN_UNUSED_FUNCTION = YES;
				GCC_WARN_UNUSED_VARIABLE = YES;
				IPHONEOS_DEPLOYMENT_TARGET = 8.1;
				MTL_ENABLE_DEBUG_INFO = YES;
				ONLY_ACTIVE_ARCH = YES;
				SDKROOT = iphoneos;
			};
			name = Debug;
		};
		404035FC1A781A8800D75BB3 /* Release */ = {
			isa = XCBuildConfiguration;
			buildSettings = {
				ALWAYS_SEARCH_USER_PATHS = NO;
				CLANG_CXX_LANGUAGE_STANDARD = "gnu++0x";
				CLANG_CXX_LIBRARY = "libc++";
				CLANG_ENABLE_MODULES = YES;
				CLANG_ENABLE_OBJC_ARC = YES;
				CLANG_WARN_BOOL_CONVERSION = YES;
				CLANG_WARN_CONSTANT_CONVERSION = YES;
				CLANG_WARN_DIRECT_OBJC_ISA_USAGE = YES_ERROR;
				CLANG_WARN_EMPTY_BODY = YES;
				CLANG_WARN_ENUM_CONVERSION = YES;
				CLANG_WARN_INT_CONVERSION = YES;
				CLANG_WARN_OBJC_ROOT_CLASS = YES_ERROR;
				CLANG_WARN_UNREACHABLE_CODE = YES;
				CLANG_WARN__DUPLICATE_METHOD_MATCH = YES;
				"CODE_SIGN_IDENTITY[sdk=iphoneos*]" = "iPhone Developer";
				COPY_PHASE_STRIP = YES;
				ENABLE_NS_ASSERTIONS = NO;
				ENABLE_STRICT_OBJC_MSGSEND = YES;
				GCC_C_LANGUAGE_STANDARD = gnu99;
				GCC_WARN_64_TO_32_BIT_CONVERSION = YES;
				GCC_WARN_ABOUT_RETURN_TYPE = YES_ERROR;
				GCC_WARN_UNDECLARED_SELECTOR = YES;
				GCC_WARN_UNINITIALIZED_AUTOS = YES_AGGRESSIVE;
				GCC_WARN_UNUSED_FUNCTION = YES;
				GCC_WARN_UNUSED_VARIABLE = YES;
				IPHONEOS_DEPLOYMENT_TARGET = 8.1;
				MTL_ENABLE_DEBUG_INFO = NO;
				SDKROOT = iphoneos;
				VALIDATE_PRODUCT = YES;
			};
			name = Release;
		};
		404035FE1A781A8800D75BB3 /* Debug */ = {
			isa = XCBuildConfiguration;
			buildSettings = {
				ASSETCATALOG_COMPILER_APPICON_NAME = AppIcon;
				INFOPLIST_FILE = "One Click/Info.plist";
				LD_RUNPATH_SEARCH_PATHS = "$(inherited) @executable_path/Frameworks";
				PRODUCT_NAME = "$(TARGET_NAME)";
			};
			name = Debug;
		};
		404035FF1A781A8800D75BB3 /* Release */ = {
			isa = XCBuildConfiguration;
			buildSettings = {
				ASSETCATALOG_COMPILER_APPICON_NAME = AppIcon;
				INFOPLIST_FILE = "One Click/Info.plist";
				LD_RUNPATH_SEARCH_PATHS = "$(inherited) @executable_path/Frameworks";
				PRODUCT_NAME = "$(TARGET_NAME)";
			};
			name = Release;
		};
		404036011A781A8800D75BB3 /* Debug */ = {
			isa = XCBuildConfiguration;
			buildSettings = {
				BUNDLE_LOADER = "$(TEST_HOST)";
				FRAMEWORK_SEARCH_PATHS = (
					"$(SDKROOT)/Developer/Library/Frameworks",
					"$(inherited)",
				);
				GCC_PREPROCESSOR_DEFINITIONS = (
					"DEBUG=1",
					"$(inherited)",
				);
				INFOPLIST_FILE = "One ClickTests/Info.plist";
				LD_RUNPATH_SEARCH_PATHS = "$(inherited) @executable_path/Frameworks @loader_path/Frameworks";
				PRODUCT_NAME = "$(TARGET_NAME)";
				TEST_HOST = "$(BUILT_PRODUCTS_DIR)/One Click.app/One Click";
			};
			name = Debug;
		};
		404036021A781A8800D75BB3 /* Release */ = {
			isa = XCBuildConfiguration;
			buildSettings = {
				BUNDLE_LOADER = "$(TEST_HOST)";
				FRAMEWORK_SEARCH_PATHS = (
					"$(SDKROOT)/Developer/Library/Frameworks",
					"$(inherited)",
				);
				INFOPLIST_FILE = "One ClickTests/Info.plist";
				LD_RUNPATH_SEARCH_PATHS = "$(inherited) @executable_path/Frameworks @loader_path/Frameworks";
				PRODUCT_NAME = "$(TARGET_NAME)";
				TEST_HOST = "$(BUILT_PRODUCTS_DIR)/One Click.app/One Click";
			};
			name = Release;
		};
/* End XCBuildConfiguration section */

/* Begin XCConfigurationList section */
		404035D21A781A8700D75BB3 /* Build configuration list for PBXProject "One Click" */ = {
			isa = XCConfigurationList;
			buildConfigurations = (
				404035FB1A781A8800D75BB3 /* Debug */,
				404035FC1A781A8800D75BB3 /* Release */,
			);
			defaultConfigurationIsVisible = 0;
			defaultConfigurationName = Release;
		};
		404035FD1A781A8800D75BB3 /* Build configuration list for PBXNativeTarget "One Click" */ = {
			isa = XCConfigurationList;
			buildConfigurations = (
				404035FE1A781A8800D75BB3 /* Debug */,
				404035FF1A781A8800D75BB3 /* Release */,
			);
			defaultConfigurationIsVisible = 0;
			defaultConfigurationName = Release;
		};
		404036001A781A8800D75BB3 /* Build configuration list for PBXNativeTarget "One ClickTests" */ = {
			isa = XCConfigurationList;
			buildConfigurations = (
				404036011A781A8800D75BB3 /* Debug */,
				404036021A781A8800D75BB3 /* Release */,
			);
			defaultConfigurationIsVisible = 0;
			defaultConfigurationName = Release;
		};
/* End XCConfigurationList section */
	};
	rootObject = 404035CF1A781A8700D75BB3 /* Project object */;
}
